// !$*UTF8*$!
{
	archiveVersion = 1;
	classes = {
	};
	objectVersion = 55;
	objects = {

/* Begin PBXFileReference section */
		0370B5B027233A1B006A2794 /* shared_ptr.cpp */ = {isa = PBXFileReference; lastKnownFileType = sourcecode.cpp.cpp; path = shared_ptr.cpp; sourceTree = "<group>"; };
/* End PBXFileReference section */

/* Begin PBXGroup section */
		0370B5A9272339ED006A2794 = {
			isa = PBXGroup;
			children = (
				0370B5B027233A1B006A2794 /* shared_ptr.cpp */,
			);
			sourceTree = "<group>";
		};
/* End PBXGroup section */

/* Begin PBXProject section */
		0370B5AA272339ED006A2794 /* Project object */ = {
			isa = PBXProject;
			attributes = {
				BuildIndependentTargetsInParallel = 1;
				LastUpgradeCheck = 1300;
			};
			buildConfigurationList = 0370B5AD272339ED006A2794 /* Build configuration list for PBXProject "shared_ptr" */;
			compatibilityVersion = "Xcode 13.0";
			developmentRegion = en;
			hasScannedForEncodings = 0;
			knownRegions = (
				en,
				Base,
			);
			mainGroup = 0370B5A9272339ED006A2794;
			projectDirPath = "";
			projectRoot = "";
			targets = (
			);
		};
/* End PBXProject section */

/* Begin XCBuildConfiguration section */
		0370B5AE272339ED006A2794 /* Debug */ = {
			isa = XCBuildConfiguration;
			buildSettings = {
			};
			name = Debug;
		};
		0370B5AF272339ED006A2794 /* Release */ = {
			isa = XCBuildConfiguration;
			buildSettings = {
			};
			name = Release;
		};
/* End XCBuildConfiguration section */

/* Begin XCConfigurationList section */
		0370B5AD272339ED006A2794 /* Build configuration list for PBXProject "shared_ptr" */ = {
			isa = XCConfigurationList;
			buildConfigurations = (
				0370B5AE272339ED006A2794 /* Debug */,
				0370B5AF272339ED006A2794 /* Release */,
			);
			defaultConfigurationIsVisible = 0;
			defaultConfigurationName = Release;
		};
/* End XCConfigurationList section */
	};
	rootObject = 0370B5AA272339ED006A2794 /* Project object */;
}
